
Microsoft Visual Studio Solution File, Format Version 12.00
# Visual Studio 2012
Project("{FAE04EC0-301F-11D3-BF4B-00C04F79EFBC}") = "ThesisDataTransposer", "ThesisDataTransposer\ThesisDataTransposer.csproj", "{B3C75E72-9131-4ABD-96BB-31B0B9C92790}"
EndProject
Global
	GlobalSection(SolutionConfigurationPlatforms) = preSolution
		Debug|Any CPU = Debug|Any CPU
		Release|Any CPU = Release|Any CPU
	EndGlobalSection
	GlobalSection(ProjectConfigurationPlatforms) = postSolution
		{B3C75E72-9131-4ABD-96BB-31B0B9C92790}.Debug|Any CPU.ActiveCfg = Debug|Any CPU
		{B3C75E72-9131-4ABD-96BB-31B0B9C92790}.Debug|Any CPU.Build.0 = Debug|Any CPU
		{B3C75E72-9131-4ABD-96BB-31B0B9C92790}.Release|Any CPU.ActiveCfg = Release|Any CPU
		{B3C75E72-9131-4ABD-96BB-31B0B9C92790}.Release|Any CPU.Build.0 = Release|Any CPU
	EndGlobalSection
	GlobalSection(SolutionProperties) = preSolution
		HideSolutionNode = FALSE
	EndGlobalSection
EndGlobal
